
Microsoft Visual Studio Solution File, Format Version 12.00
# Visual Studio Version 16
VisualStudioVersion = 16.0.31005.135
MinimumVisualStudioVersion = 10.0.40219.1
Project("{FAE04EC0-301F-11D3-BF4B-00C04F79EFBC}") = "EmailAPI", "EmailAPI.csproj", "{309754E8-0676-473D-9C33-D4752287D30E}"
EndProject
Global
	GlobalSection(SolutionConfigurationPlatforms) = preSolution
		Debug|Any CPU = Debug|Any CPU
		Release|Any CPU = Release|Any CPU
	EndGlobalSection
	GlobalSection(ProjectConfigurationPlatforms) = postSolution
		{309754E8-0676-473D-9C33-D4752287D30E}.Debug|Any CPU.ActiveCfg = Debug|Any CPU
		{309754E8-0676-473D-9C33-D4752287D30E}.Debug|Any CPU.Build.0 = Debug|Any CPU
		{309754E8-0676-473D-9C33-D4752287D30E}.Release|Any CPU.ActiveCfg = Release|Any CPU
		{309754E8-0676-473D-9C33-D4752287D30E}.Release|Any CPU.Build.0 = Release|Any CPU
	EndGlobalSection
	GlobalSection(SolutionProperties) = preSolution
		HideSolutionNode = FALSE
	EndGlobalSection
	GlobalSection(ExtensibilityGlobals) = postSolution
		SolutionGuid = {D995AFB3-A0AD-48EA-ADD2-1F06D77EA2EC}
	EndGlobalSection
EndGlobal
